
Microsoft Visual Studio Solution File, Format Version 12.00
# Visual Studio Version 16
VisualStudioVersion = 16.0.31019.35
MinimumVisualStudioVersion = 10.0.40219.1
Project("{FAE04EC0-301F-11D3-BF4B-00C04F79EFBC}") = "ultimehoofdpijn 2 electric boogaloo FEAT melancholie", "ultimehoofdpijn 2 electric boogaloo FEAT melancholie\ultimehoofdpijn 2 electric boogaloo FEAT melancholie.csproj", "{6F787780-6B65-4718-B1A3-613208640351}"
EndProject
Global
	GlobalSection(SolutionConfigurationPlatforms) = preSolution
		Debug|Any CPU = Debug|Any CPU
		Release|Any CPU = Release|Any CPU
	EndGlobalSection
	GlobalSection(ProjectConfigurationPlatforms) = postSolution
		{6F787780-6B65-4718-B1A3-613208640351}.Debug|Any CPU.ActiveCfg = Debug|Any CPU
		{6F787780-6B65-4718-B1A3-613208640351}.Debug|Any CPU.Build.0 = Debug|Any CPU
		{6F787780-6B65-4718-B1A3-613208640351}.Release|Any CPU.ActiveCfg = Release|Any CPU
		{6F787780-6B65-4718-B1A3-613208640351}.Release|Any CPU.Build.0 = Release|Any CPU
	EndGlobalSection
	GlobalSection(SolutionProperties) = preSolution
		HideSolutionNode = FALSE
	EndGlobalSection
	GlobalSection(ExtensibilityGlobals) = postSolution
		SolutionGuid = {2B15EB39-3F42-4E89-B946-2B75BD81C9B9}
	EndGlobalSection
EndGlobal
